
Microsoft Visual Studio Solution File, Format Version 12.00
# Visual Studio Version 17
VisualStudioVersion = 17.3.32825.248
MinimumVisualStudioVersion = 10.0.40219.1
Project("{9A19103F-16F7-4668-BE54-9A1E7A4F7556}") = "Singleton", "Singleton\Singleton.csproj", "{594F91E9-58BA-4162-8AD8-51C707FBEC07}"
EndProject
Project("{9A19103F-16F7-4668-BE54-9A1E7A4F7556}") = "Builder", "Builder\Builder.csproj", "{DE55AD32-A09C-48EB-B0F7-9A4364BC8D36}"
EndProject
Project("{9A19103F-16F7-4668-BE54-9A1E7A4F7556}") = "Prototype", "Prototype\Prototype.csproj", "{D61D77AC-2DFC-4882-BDD9-F7871BA069E2}"
EndProject
Project("{9A19103F-16F7-4668-BE54-9A1E7A4F7556}") = "FactoryMethod", "FactoryMethod\FactoryMethod.csproj", "{021D7DF7-22D0-4C11-B0C5-58AE647C9141}"
EndProject
Project("{9A19103F-16F7-4668-BE54-9A1E7A4F7556}") = "FactoryMethod_Singleton", "FactoryMethod_Singleton\FactoryMethod_Singleton.csproj", "{1958E842-0B83-4716-BBAB-3EF33ECEB71A}"
EndProject
Project("{9A19103F-16F7-4668-BE54-9A1E7A4F7556}") = "AbstractFactory", "AbstractFactory\AbstractFactory.csproj", "{2B77EF3F-A8C6-4365-85DE-DE8E25AA9195}"
EndProject
Project("{2150E333-8FDC-42A3-9474-1A3956D46DE8}") = "생성 패턴", "생성 패턴", "{639BEF7D-362B-4197-A07A-2424988FBE44}"
EndProject
Project("{2150E333-8FDC-42A3-9474-1A3956D46DE8}") = "구조 패턴", "구조 패턴", "{68D7E13F-0C09-4FEE-89E0-32015993F222}"
EndProject
Project("{9A19103F-16F7-4668-BE54-9A1E7A4F7556}") = "Adapter", "Adapter\Adapter.csproj", "{D0F6955A-CCA8-4316-8BF9-0B196D392FAD}"
EndProject
Project("{9A19103F-16F7-4668-BE54-9A1E7A4F7556}") = "Composite", "Composite\Composite.csproj", "{1AFD5382-3F81-4E9F-9BEC-3CDA7B802956}"
EndProject
Project("{9A19103F-16F7-4668-BE54-9A1E7A4F7556}") = "Bridge", "Bridge\Bridge.csproj", "{5248277D-36EF-492B-AE68-95F65FC4B26C}"
EndProject
Project("{9A19103F-16F7-4668-BE54-9A1E7A4F7556}") = "Decorator", "Decorator\Decorator.csproj", "{5E477485-73E7-49C2-8FA6-9242477D5298}"
EndProject
Project("{9A19103F-16F7-4668-BE54-9A1E7A4F7556}") = "Facade", "Facade\Facade.csproj", "{C1D20095-1FD4-4980-BC7E-F57AABA0303C}"
EndProject
Project("{9A19103F-16F7-4668-BE54-9A1E7A4F7556}") = "Flyweight", "Flyweight\Flyweight.csproj", "{21C3D5ED-12C6-46B8-895C-DA23519F94BF}"
EndProject
Project("{9A19103F-16F7-4668-BE54-9A1E7A4F7556}") = "Proxy", "Proxy\Proxy.csproj", "{6C6668EA-9E93-4DE6-8468-A6C251C07D6F}"
EndProject
Project("{2150E333-8FDC-42A3-9474-1A3956D46DE8}") = "행위 패턴", "행위 패턴", "{BEDDDCDF-EF57-444D-B10D-675A8A651FEA}"
EndProject
Project("{FAE04EC0-301F-11D3-BF4B-00C04F79EFBC}") = "ChainOfResponsibility", "ChainOfResponsibility\ChainOfResponsibility.csproj", "{6927B867-755F-435E-9D5E-647FDB1EAE0B}"
EndProject
Project("{FAE04EC0-301F-11D3-BF4B-00C04F79EFBC}") = "Command", "Command\Command.csproj", "{F29A2284-6B2A-4F2E-AD50-38DF44CC9003}"
EndProject
Project("{FAE04EC0-301F-11D3-BF4B-00C04F79EFBC}") = "Interpreter", "Interpreter\Interpreter.csproj", "{1D11F1AA-A995-482E-9ABF-685ACCA3303C}"
EndProject
Global
	GlobalSection(SolutionConfigurationPlatforms) = preSolution
		Debug|Any CPU = Debug|Any CPU
		Release|Any CPU = Release|Any CPU
	EndGlobalSection
	GlobalSection(ProjectConfigurationPlatforms) = postSolution
		{594F91E9-58BA-4162-8AD8-51C707FBEC07}.Debug|Any CPU.ActiveCfg = Debug|Any CPU
		{594F91E9-58BA-4162-8AD8-51C707FBEC07}.Debug|Any CPU.Build.0 = Debug|Any CPU
		{594F91E9-58BA-4162-8AD8-51C707FBEC07}.Release|Any CPU.ActiveCfg = Release|Any CPU
		{594F91E9-58BA-4162-8AD8-51C707FBEC07}.Release|Any CPU.Build.0 = Release|Any CPU
		{DE55AD32-A09C-48EB-B0F7-9A4364BC8D36}.Debug|Any CPU.ActiveCfg = Debug|Any CPU
		{DE55AD32-A09C-48EB-B0F7-9A4364BC8D36}.Debug|Any CPU.Build.0 = Debug|Any CPU
		{DE55AD32-A09C-48EB-B0F7-9A4364BC8D36}.Release|Any CPU.ActiveCfg = Release|Any CPU
		{DE55AD32-A09C-48EB-B0F7-9A4364BC8D36}.Release|Any CPU.Build.0 = Release|Any CPU
		{D61D77AC-2DFC-4882-BDD9-F7871BA069E2}.Debug|Any CPU.ActiveCfg = Debug|Any CPU
		{D61D77AC-2DFC-4882-BDD9-F7871BA069E2}.Debug|Any CPU.Build.0 = Debug|Any CPU
		{D61D77AC-2DFC-4882-BDD9-F7871BA069E2}.Release|Any CPU.ActiveCfg = Release|Any CPU
		{D61D77AC-2DFC-4882-BDD9-F7871BA069E2}.Release|Any CPU.Build.0 = Release|Any CPU
		{021D7DF7-22D0-4C11-B0C5-58AE647C9141}.Debug|Any CPU.ActiveCfg = Debug|Any CPU
		{021D7DF7-22D0-4C11-B0C5-58AE647C9141}.Debug|Any CPU.Build.0 = Debug|Any CPU
		{021D7DF7-22D0-4C11-B0C5-58AE647C9141}.Release|Any CPU.ActiveCfg = Release|Any CPU
		{021D7DF7-22D0-4C11-B0C5-58AE647C9141}.Release|Any CPU.Build.0 = Release|Any CPU
		{1958E842-0B83-4716-BBAB-3EF33ECEB71A}.Debug|Any CPU.ActiveCfg = Debug|Any CPU
		{1958E842-0B83-4716-BBAB-3EF33ECEB71A}.Debug|Any CPU.Build.0 = Debug|Any CPU
		{1958E842-0B83-4716-BBAB-3EF33ECEB71A}.Release|Any CPU.ActiveCfg = Release|Any CPU
		{1958E842-0B83-4716-BBAB-3EF33ECEB71A}.Release|Any CPU.Build.0 = Release|Any CPU
		{2B77EF3F-A8C6-4365-85DE-DE8E25AA9195}.Debug|Any CPU.ActiveCfg = Debug|Any CPU
		{2B77EF3F-A8C6-4365-85DE-DE8E25AA9195}.Debug|Any CPU.Build.0 = Debug|Any CPU
		{2B77EF3F-A8C6-4365-85DE-DE8E25AA9195}.Release|Any CPU.ActiveCfg = Release|Any CPU
		{2B77EF3F-A8C6-4365-85DE-DE8E25AA9195}.Release|Any CPU.Build.0 = Release|Any CPU
		{D0F6955A-CCA8-4316-8BF9-0B196D392FAD}.Debug|Any CPU.ActiveCfg = Debug|Any CPU
		{D0F6955A-CCA8-4316-8BF9-0B196D392FAD}.Debug|Any CPU.Build.0 = Debug|Any CPU
		{D0F6955A-CCA8-4316-8BF9-0B196D392FAD}.Release|Any CPU.ActiveCfg = Release|Any CPU
		{D0F6955A-CCA8-4316-8BF9-0B196D392FAD}.Release|Any CPU.Build.0 = Release|Any CPU
		{1AFD5382-3F81-4E9F-9BEC-3CDA7B802956}.Debug|Any CPU.ActiveCfg = Debug|Any CPU
		{1AFD5382-3F81-4E9F-9BEC-3CDA7B802956}.Debug|Any CPU.Build.0 = Debug|Any CPU
		{1AFD5382-3F81-4E9F-9BEC-3CDA7B802956}.Release|Any CPU.ActiveCfg = Release|Any CPU
		{1AFD5382-3F81-4E9F-9BEC-3CDA7B802956}.Release|Any CPU.Build.0 = Release|Any CPU
		{5248277D-36EF-492B-AE68-95F65FC4B26C}.Debug|Any CPU.ActiveCfg = Debug|Any CPU
		{5248277D-36EF-492B-AE68-95F65FC4B26C}.Debug|Any CPU.Build.0 = Debug|Any CPU
		{5248277D-36EF-492B-AE68-95F65FC4B26C}.Release|Any CPU.ActiveCfg = Release|Any CPU
		{5248277D-36EF-492B-AE68-95F65FC4B26C}.Release|Any CPU.Build.0 = Release|Any CPU
		{5E477485-73E7-49C2-8FA6-9242477D5298}.Debug|Any CPU.ActiveCfg = Debug|Any CPU
		{5E477485-73E7-49C2-8FA6-9242477D5298}.Debug|Any CPU.Build.0 = Debug|Any CPU
		{5E477485-73E7-49C2-8FA6-9242477D5298}.Release|Any CPU.ActiveCfg = Release|Any CPU
		{5E477485-73E7-49C2-8FA6-9242477D5298}.Release|Any CPU.Build.0 = Release|Any CPU
		{C1D20095-1FD4-4980-BC7E-F57AABA0303C}.Debug|Any CPU.ActiveCfg = Debug|Any CPU
		{C1D20095-1FD4-4980-BC7E-F57AABA0303C}.Debug|Any CPU.Build.0 = Debug|Any CPU
		{C1D20095-1FD4-4980-BC7E-F57AABA0303C}.Release|Any CPU.ActiveCfg = Release|Any CPU
		{C1D20095-1FD4-4980-BC7E-F57AABA0303C}.Release|Any CPU.Build.0 = Release|Any CPU
		{21C3D5ED-12C6-46B8-895C-DA23519F94BF}.Debug|Any CPU.ActiveCfg = Debug|Any CPU
		{21C3D5ED-12C6-46B8-895C-DA23519F94BF}.Debug|Any CPU.Build.0 = Debug|Any CPU
		{21C3D5ED-12C6-46B8-895C-DA23519F94BF}.Release|Any CPU.ActiveCfg = Release|Any CPU
		{21C3D5ED-12C6-46B8-895C-DA23519F94BF}.Release|Any CPU.Build.0 = Release|Any CPU
		{6C6668EA-9E93-4DE6-8468-A6C251C07D6F}.Debug|Any CPU.ActiveCfg = Debug|Any CPU
		{6C6668EA-9E93-4DE6-8468-A6C251C07D6F}.Debug|Any CPU.Build.0 = Debug|Any CPU
		{6C6668EA-9E93-4DE6-8468-A6C251C07D6F}.Release|Any CPU.ActiveCfg = Release|Any CPU
		{6C6668EA-9E93-4DE6-8468-A6C251C07D6F}.Release|Any CPU.Build.0 = Release|Any CPU
		{6927B867-755F-435E-9D5E-647FDB1EAE0B}.Debug|Any CPU.ActiveCfg = Debug|Any CPU
		{6927B867-755F-435E-9D5E-647FDB1EAE0B}.Debug|Any CPU.Build.0 = Debug|Any CPU
		{6927B867-755F-435E-9D5E-647FDB1EAE0B}.Release|Any CPU.ActiveCfg = Release|Any CPU
		{6927B867-755F-435E-9D5E-647FDB1EAE0B}.Release|Any CPU.Build.0 = Release|Any CPU
		{F29A2284-6B2A-4F2E-AD50-38DF44CC9003}.Debug|Any CPU.ActiveCfg = Debug|Any CPU
		{F29A2284-6B2A-4F2E-AD50-38DF44CC9003}.Debug|Any CPU.Build.0 = Debug|Any CPU
		{F29A2284-6B2A-4F2E-AD50-38DF44CC9003}.Release|Any CPU.ActiveCfg = Release|Any CPU
		{F29A2284-6B2A-4F2E-AD50-38DF44CC9003}.Release|Any CPU.Build.0 = Release|Any CPU
		{1D11F1AA-A995-482E-9ABF-685ACCA3303C}.Debug|Any CPU.ActiveCfg = Debug|Any CPU
		{1D11F1AA-A995-482E-9ABF-685ACCA3303C}.Debug|Any CPU.Build.0 = Debug|Any CPU
		{1D11F1AA-A995-482E-9ABF-685ACCA3303C}.Release|Any CPU.ActiveCfg = Release|Any CPU
		{1D11F1AA-A995-482E-9ABF-685ACCA3303C}.Release|Any CPU.Build.0 = Release|Any CPU
	EndGlobalSection
	GlobalSection(SolutionProperties) = preSolution
		HideSolutionNode = FALSE
	EndGlobalSection
	GlobalSection(NestedProjects) = preSolution
		{594F91E9-58BA-4162-8AD8-51C707FBEC07} = {639BEF7D-362B-4197-A07A-2424988FBE44}
		{DE55AD32-A09C-48EB-B0F7-9A4364BC8D36} = {639BEF7D-362B-4197-A07A-2424988FBE44}
		{D61D77AC-2DFC-4882-BDD9-F7871BA069E2} = {639BEF7D-362B-4197-A07A-2424988FBE44}
		{021D7DF7-22D0-4C11-B0C5-58AE647C9141} = {639BEF7D-362B-4197-A07A-2424988FBE44}
		{1958E842-0B83-4716-BBAB-3EF33ECEB71A} = {639BEF7D-362B-4197-A07A-2424988FBE44}
		{2B77EF3F-A8C6-4365-85DE-DE8E25AA9195} = {639BEF7D-362B-4197-A07A-2424988FBE44}
		{D0F6955A-CCA8-4316-8BF9-0B196D392FAD} = {68D7E13F-0C09-4FEE-89E0-32015993F222}
		{1AFD5382-3F81-4E9F-9BEC-3CDA7B802956} = {68D7E13F-0C09-4FEE-89E0-32015993F222}
		{5248277D-36EF-492B-AE68-95F65FC4B26C} = {68D7E13F-0C09-4FEE-89E0-32015993F222}
		{5E477485-73E7-49C2-8FA6-9242477D5298} = {68D7E13F-0C09-4FEE-89E0-32015993F222}
		{C1D20095-1FD4-4980-BC7E-F57AABA0303C} = {68D7E13F-0C09-4FEE-89E0-32015993F222}
		{21C3D5ED-12C6-46B8-895C-DA23519F94BF} = {68D7E13F-0C09-4FEE-89E0-32015993F222}
		{6C6668EA-9E93-4DE6-8468-A6C251C07D6F} = {68D7E13F-0C09-4FEE-89E0-32015993F222}
		{6927B867-755F-435E-9D5E-647FDB1EAE0B} = {BEDDDCDF-EF57-444D-B10D-675A8A651FEA}
		{F29A2284-6B2A-4F2E-AD50-38DF44CC9003} = {BEDDDCDF-EF57-444D-B10D-675A8A651FEA}
		{1D11F1AA-A995-482E-9ABF-685ACCA3303C} = {BEDDDCDF-EF57-444D-B10D-675A8A651FEA}
	EndGlobalSection
	GlobalSection(ExtensibilityGlobals) = postSolution
		SolutionGuid = {6CD10F97-6C74-4BBE-9554-8C32D5E52ABB}
	EndGlobalSection
EndGlobal
